
Microsoft Visual Studio Solution File, Format Version 12.00
# Visual Studio Version 17
VisualStudioVersion = 17.5.33530.505
MinimumVisualStudioVersion = 10.0.40219.1
Project("{FAE04EC0-301F-11D3-BF4B-00C04F79EFBC}") = "RevitAPITraining DZ 3.1 Volume Walls", "RevitAPITraining DZ 3.1 Volume Walls\RevitAPITraining DZ 3.1 Volume Walls.csproj", "{6FC51296-4556-410C-954E-B18A2ECDCE05}"
EndProject
Global
	GlobalSection(SolutionConfigurationPlatforms) = preSolution
		Debug|Any CPU = Debug|Any CPU
		Release|Any CPU = Release|Any CPU
	EndGlobalSection
	GlobalSection(ProjectConfigurationPlatforms) = postSolution
		{6FC51296-4556-410C-954E-B18A2ECDCE05}.Debug|Any CPU.ActiveCfg = Debug|Any CPU
		{6FC51296-4556-410C-954E-B18A2ECDCE05}.Debug|Any CPU.Build.0 = Debug|Any CPU
		{6FC51296-4556-410C-954E-B18A2ECDCE05}.Release|Any CPU.ActiveCfg = Release|Any CPU
		{6FC51296-4556-410C-954E-B18A2ECDCE05}.Release|Any CPU.Build.0 = Release|Any CPU
	EndGlobalSection
	GlobalSection(SolutionProperties) = preSolution
		HideSolutionNode = FALSE
	EndGlobalSection
	GlobalSection(ExtensibilityGlobals) = postSolution
		SolutionGuid = {7F5D5FC4-0270-4363-A6A3-02FB1B3BE3ED}
	EndGlobalSection
EndGlobal
